// !$*UTF8*$!
{
	archiveVersion = 1;
	classes = {
	};
	objectVersion = 50;
	objects = {

/* Begin PBXBuildFile section */
		2620FAF8231110F900913CEA /* AppDelegate.swift in Sources */ = {isa = PBXBuildFile; fileRef = 2620FAF7231110F900913CEA /* AppDelegate.swift */; };
		2620FAFA231110F900913CEA /* ViewController.swift in Sources */ = {isa = PBXBuildFile; fileRef = 2620FAF9231110F900913CEA /* ViewController.swift */; };
		2620FAFD231110F900913CEA /* Main.storyboard in Resources */ = {isa = PBXBuildFile; fileRef = 2620FAFB231110F900913CEA /* Main.storyboard */; };
		2620FAFF231110FB00913CEA /* Assets.xcassets in Resources */ = {isa = PBXBuildFile; fileRef = 2620FAFE231110FB00913CEA /* Assets.xcassets */; };
		2620FB02231110FB00913CEA /* LaunchScreen.storyboard in Resources */ = {isa = PBXBuildFile; fileRef = 2620FB00231110FB00913CEA /* LaunchScreen.storyboard */; };
		2620FB0D231110FC00913CEA /* Synup_KeshavTests.swift in Sources */ = {isa = PBXBuildFile; fileRef = 2620FB0C231110FC00913CEA /* Synup_KeshavTests.swift */; };
		2620FB1A2311130500913CEA /* SynupEndPoint.swift in Sources */ = {isa = PBXBuildFile; fileRef = 2620FB192311130500913CEA /* SynupEndPoint.swift */; };
		2620FB1B2311130500913CEA /* SynupEndPoint.swift in Sources */ = {isa = PBXBuildFile; fileRef = 2620FB192311130500913CEA /* SynupEndPoint.swift */; };
		2620FB1D2311168400913CEA /* NetworkManager.swift in Sources */ = {isa = PBXBuildFile; fileRef = 2620FB1C2311168400913CEA /* NetworkManager.swift */; };
		2620FB1E2311168400913CEA /* NetworkManager.swift in Sources */ = {isa = PBXBuildFile; fileRef = 2620FB1C2311168400913CEA /* NetworkManager.swift */; };
		2620FB202311255200913CEA /* VariantGroup.swift in Sources */ = {isa = PBXBuildFile; fileRef = 2620FB1F2311255200913CEA /* VariantGroup.swift */; };
		2620FB212311255200913CEA /* VariantGroup.swift in Sources */ = {isa = PBXBuildFile; fileRef = 2620FB1F2311255200913CEA /* VariantGroup.swift */; };
		2620FB23231125A200913CEA /* Variation.swift in Sources */ = {isa = PBXBuildFile; fileRef = 2620FB22231125A200913CEA /* Variation.swift */; };
		2620FB24231125A200913CEA /* Variation.swift in Sources */ = {isa = PBXBuildFile; fileRef = 2620FB22231125A200913CEA /* Variation.swift */; };
		2620FB272311292C00913CEA /* PizzaVariationVM.swift in Sources */ = {isa = PBXBuildFile; fileRef = 2620FB262311292C00913CEA /* PizzaVariationVM.swift */; };
		2620FB282311292C00913CEA /* PizzaVariationVM.swift in Sources */ = {isa = PBXBuildFile; fileRef = 2620FB262311292C00913CEA /* PizzaVariationVM.swift */; };
		2620FB2C23112C7900913CEA /* SelectPizzaVariationVC.swift in Sources */ = {isa = PBXBuildFile; fileRef = 2620FB2B23112C7900913CEA /* SelectPizzaVariationVC.swift */; };
		2620FB2D23112C7900913CEA /* SelectPizzaVariationVC.swift in Sources */ = {isa = PBXBuildFile; fileRef = 2620FB2B23112C7900913CEA /* SelectPizzaVariationVC.swift */; };
		2620FB2F2311473000913CEA /* PizzaVariantSelectionCell.swift in Sources */ = {isa = PBXBuildFile; fileRef = 2620FB2E2311473000913CEA /* PizzaVariantSelectionCell.swift */; };
		2620FB302311473000913CEA /* PizzaVariantSelectionCell.swift in Sources */ = {isa = PBXBuildFile; fileRef = 2620FB2E2311473000913CEA /* PizzaVariantSelectionCell.swift */; };
		2620FB322311518800913CEA /* SelectionView.swift in Sources */ = {isa = PBXBuildFile; fileRef = 2620FB312311518800913CEA /* SelectionView.swift */; };
		2620FB332311518800913CEA /* SelectionView.swift in Sources */ = {isa = PBXBuildFile; fileRef = 2620FB312311518800913CEA /* SelectionView.swift */; };
		26C05BF523141335004006CE /* Exclusion.swift in Sources */ = {isa = PBXBuildFile; fileRef = 26C05BF423141335004006CE /* Exclusion.swift */; };
		26C05BF623141335004006CE /* Exclusion.swift in Sources */ = {isa = PBXBuildFile; fileRef = 26C05BF423141335004006CE /* Exclusion.swift */; };
/* End PBXBuildFile section */

/* Begin PBXContainerItemProxy section */
		2620FB09231110FC00913CEA /* PBXContainerItemProxy */ = {
			isa = PBXContainerItemProxy;
			containerPortal = 2620FAEC231110F900913CEA /* Project object */;
			proxyType = 1;
			remoteGlobalIDString = 2620FAF3231110F900913CEA;
			remoteInfo = Synup_Keshav;
		};
/* End PBXContainerItemProxy section */

/* Begin PBXFileReference section */
		2620FAF4231110F900913CEA /* Synup_Keshav.app */ = {isa = PBXFileReference; explicitFileType = wrapper.application; includeInIndex = 0; path = Synup_Keshav.app; sourceTree = BUILT_PRODUCTS_DIR; };
		2620FAF7231110F900913CEA /* AppDelegate.swift */ = {isa = PBXFileReference; lastKnownFileType = sourcecode.swift; path = AppDelegate.swift; sourceTree = "<group>"; };
		2620FAF9231110F900913CEA /* ViewController.swift */ = {isa = PBXFileReference; lastKnownFileType = sourcecode.swift; path = ViewController.swift; sourceTree = "<group>"; };
		2620FAFC231110F900913CEA /* Base */ = {isa = PBXFileReference; lastKnownFileType = file.storyboard; name = Base; path = Base.lproj/Main.storyboard; sourceTree = "<group>"; };
		2620FAFE231110FB00913CEA /* Assets.xcassets */ = {isa = PBXFileReference; lastKnownFileType = folder.assetcatalog; path = Assets.xcassets; sourceTree = "<group>"; };
		2620FB01231110FB00913CEA /* Base */ = {isa = PBXFileReference; lastKnownFileType = file.storyboard; name = Base; path = Base.lproj/LaunchScreen.storyboard; sourceTree = "<group>"; };
		2620FB03231110FB00913CEA /* Info.plist */ = {isa = PBXFileReference; lastKnownFileType = text.plist.xml; path = Info.plist; sourceTree = "<group>"; };
		2620FB08231110FC00913CEA /* Synup_KeshavTests.xctest */ = {isa = PBXFileReference; explicitFileType = wrapper.cfbundle; includeInIndex = 0; path = Synup_KeshavTests.xctest; sourceTree = BUILT_PRODUCTS_DIR; };
		2620FB0C231110FC00913CEA /* Synup_KeshavTests.swift */ = {isa = PBXFileReference; lastKnownFileType = sourcecode.swift; path = Synup_KeshavTests.swift; sourceTree = "<group>"; };
		2620FB0E231110FC00913CEA /* Info.plist */ = {isa = PBXFileReference; lastKnownFileType = text.plist.xml; path = Info.plist; sourceTree = "<group>"; };
		2620FB192311130500913CEA /* SynupEndPoint.swift */ = {isa = PBXFileReference; lastKnownFileType = sourcecode.swift; path = SynupEndPoint.swift; sourceTree = "<group>"; };
		2620FB1C2311168400913CEA /* NetworkManager.swift */ = {isa = PBXFileReference; lastKnownFileType = sourcecode.swift; path = NetworkManager.swift; sourceTree = "<group>"; };
		2620FB1F2311255200913CEA /* VariantGroup.swift */ = {isa = PBXFileReference; lastKnownFileType = sourcecode.swift; path = VariantGroup.swift; sourceTree = "<group>"; };
		2620FB22231125A200913CEA /* Variation.swift */ = {isa = PBXFileReference; lastKnownFileType = sourcecode.swift; path = Variation.swift; sourceTree = "<group>"; };
		2620FB262311292C00913CEA /* PizzaVariationVM.swift */ = {isa = PBXFileReference; lastKnownFileType = sourcecode.swift; path = PizzaVariationVM.swift; sourceTree = "<group>"; };
		2620FB2B23112C7900913CEA /* SelectPizzaVariationVC.swift */ = {isa = PBXFileReference; lastKnownFileType = sourcecode.swift; path = SelectPizzaVariationVC.swift; sourceTree = "<group>"; };
		2620FB2E2311473000913CEA /* PizzaVariantSelectionCell.swift */ = {isa = PBXFileReference; lastKnownFileType = sourcecode.swift; path = PizzaVariantSelectionCell.swift; sourceTree = "<group>"; };
		2620FB312311518800913CEA /* SelectionView.swift */ = {isa = PBXFileReference; lastKnownFileType = sourcecode.swift; path = SelectionView.swift; sourceTree = "<group>"; };
		26C05BF423141335004006CE /* Exclusion.swift */ = {isa = PBXFileReference; lastKnownFileType = sourcecode.swift; path = Exclusion.swift; sourceTree = "<group>"; };
/* End PBXFileReference section */

/* Begin PBXFrameworksBuildPhase section */
		2620FAF1231110F900913CEA /* Frameworks */ = {
			isa = PBXFrameworksBuildPhase;
			buildActionMask = 2147483647;
			files = (
			);
			runOnlyForDeploymentPostprocessing = 0;
		};
		2620FB05231110FC00913CEA /* Frameworks */ = {
			isa = PBXFrameworksBuildPhase;
			buildActionMask = 2147483647;
			files = (
			);
			runOnlyForDeploymentPostprocessing = 0;
		};
/* End PBXFrameworksBuildPhase section */

/* Begin PBXGroup section */
		2620FAEB231110F900913CEA = {
			isa = PBXGroup;
			children = (
				2620FAF6231110F900913CEA /* Synup_Keshav */,
				2620FB0B231110FC00913CEA /* Synup_KeshavTests */,
				2620FAF5231110F900913CEA /* Products */,
			);
			sourceTree = "<group>";
		};
		2620FAF5231110F900913CEA /* Products */ = {
			isa = PBXGroup;
			children = (
				2620FAF4231110F900913CEA /* Synup_Keshav.app */,
				2620FB08231110FC00913CEA /* Synup_KeshavTests.xctest */,
			);
			name = Products;
			sourceTree = "<group>";
		};
		2620FAF6231110F900913CEA /* Synup_Keshav */ = {
			isa = PBXGroup;
			children = (
				2620FB2A23112C4F00913CEA /* Controller */,
				2620FB252311291000913CEA /* ViewModel */,
				2620FB182311125800913CEA /* Model */,
				2620FB172311123300913CEA /* Network Layer */,
				2620FAF7231110F900913CEA /* AppDelegate.swift */,
				2620FAF9231110F900913CEA /* ViewController.swift */,
				2620FAFB231110F900913CEA /* Main.storyboard */,
				2620FAFE231110FB00913CEA /* Assets.xcassets */,
				2620FB00231110FB00913CEA /* LaunchScreen.storyboard */,
				2620FB03231110FB00913CEA /* Info.plist */,
			);
			path = Synup_Keshav;
			sourceTree = "<group>";
		};
		2620FB0B231110FC00913CEA /* Synup_KeshavTests */ = {
			isa = PBXGroup;
			children = (
				2620FB0C231110FC00913CEA /* Synup_KeshavTests.swift */,
				2620FB0E231110FC00913CEA /* Info.plist */,
			);
			path = Synup_KeshavTests;
			sourceTree = "<group>";
		};
		2620FB172311123300913CEA /* Network Layer */ = {
			isa = PBXGroup;
			children = (
				2620FB192311130500913CEA /* SynupEndPoint.swift */,
				2620FB1C2311168400913CEA /* NetworkManager.swift */,
			);
			path = "Network Layer";
			sourceTree = "<group>";
		};
		2620FB182311125800913CEA /* Model */ = {
			isa = PBXGroup;
			children = (
				2620FB1F2311255200913CEA /* VariantGroup.swift */,
				2620FB22231125A200913CEA /* Variation.swift */,
				26C05BF423141335004006CE /* Exclusion.swift */,
			);
			path = Model;
			sourceTree = "<group>";
		};
		2620FB252311291000913CEA /* ViewModel */ = {
			isa = PBXGroup;
			children = (
				2620FB262311292C00913CEA /* PizzaVariationVM.swift */,
			);
			path = ViewModel;
			sourceTree = "<group>";
		};
		2620FB2A23112C4F00913CEA /* Controller */ = {
			isa = PBXGroup;
			children = (
				2620FB2B23112C7900913CEA /* SelectPizzaVariationVC.swift */,
				2620FB2E2311473000913CEA /* PizzaVariantSelectionCell.swift */,
				2620FB312311518800913CEA /* SelectionView.swift */,
			);
			path = Controller;
			sourceTree = "<group>";
		};
/* End PBXGroup section */

/* Begin PBXNativeTarget section */
		2620FAF3231110F900913CEA /* Synup_Keshav */ = {
			isa = PBXNativeTarget;
			buildConfigurationList = 2620FB11231110FC00913CEA /* Build configuration list for PBXNativeTarget "Synup_Keshav" */;
			buildPhases = (
				2620FAF0231110F900913CEA /* Sources */,
				2620FAF1231110F900913CEA /* Frameworks */,
				2620FAF2231110F900913CEA /* Resources */,
			);
			buildRules = (
			);
			dependencies = (
			);
			name = Synup_Keshav;
			productName = Synup_Keshav;
			productReference = 2620FAF4231110F900913CEA /* Synup_Keshav.app */;
			productType = "com.apple.product-type.application";
		};
		2620FB07231110FC00913CEA /* Synup_KeshavTests */ = {
			isa = PBXNativeTarget;
			buildConfigurationList = 2620FB14231110FC00913CEA /* Build configuration list for PBXNativeTarget "Synup_KeshavTests" */;
			buildPhases = (
				2620FB04231110FC00913CEA /* Sources */,
				2620FB05231110FC00913CEA /* Frameworks */,
				2620FB06231110FC00913CEA /* Resources */,
			);
			buildRules = (
			);
			dependencies = (
				2620FB0A231110FC00913CEA /* PBXTargetDependency */,
			);
			name = Synup_KeshavTests;
			productName = Synup_KeshavTests;
			productReference = 2620FB08231110FC00913CEA /* Synup_KeshavTests.xctest */;
			productType = "com.apple.product-type.bundle.unit-test";
		};
/* End PBXNativeTarget section */

/* Begin PBXProject section */
		2620FAEC231110F900913CEA /* Project object */ = {
			isa = PBXProject;
			attributes = {
				LastSwiftUpdateCheck = 1020;
				LastUpgradeCheck = 1020;
				ORGANIZATIONNAME = BVAPvtLtd;
				TargetAttributes = {
					2620FAF3231110F900913CEA = {
						CreatedOnToolsVersion = 10.2.1;
					};
					2620FB07231110FC00913CEA = {
						CreatedOnToolsVersion = 10.2.1;
						TestTargetID = 2620FAF3231110F900913CEA;
					};
				};
			};
			buildConfigurationList = 2620FAEF231110F900913CEA /* Build configuration list for PBXProject "Synup_Keshav" */;
			compatibilityVersion = "Xcode 9.3";
			developmentRegion = en;
			hasScannedForEncodings = 0;
			knownRegions = (
				en,
				Base,
			);
			mainGroup = 2620FAEB231110F900913CEA;
			productRefGroup = 2620FAF5231110F900913CEA /* Products */;
			projectDirPath = "";
			projectRoot = "";
			targets = (
				2620FAF3231110F900913CEA /* Synup_Keshav */,
				2620FB07231110FC00913CEA /* Synup_KeshavTests */,
			);
		};
/* End PBXProject section */

/* Begin PBXResourcesBuildPhase section */
		2620FAF2231110F900913CEA /* Resources */ = {
			isa = PBXResourcesBuildPhase;
			buildActionMask = 2147483647;
			files = (
				2620FB02231110FB00913CEA /* LaunchScreen.storyboard in Resources */,
				2620FAFF231110FB00913CEA /* Assets.xcassets in Resources */,
				2620FAFD231110F900913CEA /* Main.storyboard in Resources */,
			);
			runOnlyForDeploymentPostprocessing = 0;
		};
		2620FB06231110FC00913CEA /* Resources */ = {
			isa = PBXResourcesBuildPhase;
			buildActionMask = 2147483647;
			files = (
			);
			runOnlyForDeploymentPostprocessing = 0;
		};
/* End PBXResourcesBuildPhase section */

/* Begin PBXSourcesBuildPhase section */
		2620FAF0231110F900913CEA /* Sources */ = {
			isa = PBXSourcesBuildPhase;
			buildActionMask = 2147483647;
			files = (
				2620FB1D2311168400913CEA /* NetworkManager.swift in Sources */,
				2620FB23231125A200913CEA /* Variation.swift in Sources */,
				2620FAFA231110F900913CEA /* ViewController.swift in Sources */,
				2620FB2C23112C7900913CEA /* SelectPizzaVariationVC.swift in Sources */,
				2620FB272311292C00913CEA /* PizzaVariationVM.swift in Sources */,
				2620FB202311255200913CEA /* VariantGroup.swift in Sources */,
				2620FB1A2311130500913CEA /* SynupEndPoint.swift in Sources */,
				26C05BF523141335004006CE /* Exclusion.swift in Sources */,
				2620FAF8231110F900913CEA /* AppDelegate.swift in Sources */,
				2620FB2F2311473000913CEA /* PizzaVariantSelectionCell.swift in Sources */,
				2620FB322311518800913CEA /* SelectionView.swift in Sources */,
			);
			runOnlyForDeploymentPostprocessing = 0;
		};
		2620FB04231110FC00913CEA /* Sources */ = {
			isa = PBXSourcesBuildPhase;
			buildActionMask = 2147483647;
			files = (
				2620FB1E2311168400913CEA /* NetworkManager.swift in Sources */,
				2620FB1B2311130500913CEA /* SynupEndPoint.swift in Sources */,
				2620FB24231125A200913CEA /* Variation.swift in Sources */,
				2620FB302311473000913CEA /* PizzaVariantSelectionCell.swift in Sources */,
				2620FB282311292C00913CEA /* PizzaVariationVM.swift in Sources */,
				2620FB332311518800913CEA /* SelectionView.swift in Sources */,
				26C05BF623141335004006CE /* Exclusion.swift in Sources */,
				2620FB0D231110FC00913CEA /* Synup_KeshavTests.swift in Sources */,
				2620FB212311255200913CEA /* VariantGroup.swift in Sources */,
				2620FB2D23112C7900913CEA /* SelectPizzaVariationVC.swift in Sources */,
			);
			runOnlyForDeploymentPostprocessing = 0;
		};
/* End PBXSourcesBuildPhase section */

/* Begin PBXTargetDependency section */
		2620FB0A231110FC00913CEA /* PBXTargetDependency */ = {
			isa = PBXTargetDependency;
			target = 2620FAF3231110F900913CEA /* Synup_Keshav */;
			targetProxy = 2620FB09231110FC00913CEA /* PBXContainerItemProxy */;
		};
/* End PBXTargetDependency section */

/* Begin PBXVariantGroup section */
		2620FAFB231110F900913CEA /* Main.storyboard */ = {
			isa = PBXVariantGroup;
			children = (
				2620FAFC231110F900913CEA /* Base */,
			);
			name = Main.storyboard;
			sourceTree = "<group>";
		};
		2620FB00231110FB00913CEA /* LaunchScreen.storyboard */ = {
			isa = PBXVariantGroup;
			children = (
				2620FB01231110FB00913CEA /* Base */,
			);
			name = LaunchScreen.storyboard;
			sourceTree = "<group>";
		};
/* End PBXVariantGroup section */

/* Begin XCBuildConfiguration section */
		2620FB0F231110FC00913CEA /* Debug */ = {
			isa = XCBuildConfiguration;
			buildSettings = {
				ALWAYS_SEARCH_USER_PATHS = NO;
				CLANG_ANALYZER_NONNULL = YES;
				CLANG_ANALYZER_NUMBER_OBJECT_CONVERSION = YES_AGGRESSIVE;
				CLANG_CXX_LANGUAGE_STANDARD = "gnu++14";
				CLANG_CXX_LIBRARY = "libc++";
				CLANG_ENABLE_MODULES = YES;
				CLANG_ENABLE_OBJC_ARC = YES;
				CLANG_ENABLE_OBJC_WEAK = YES;
				CLANG_WARN_BLOCK_CAPTURE_AUTORELEASING = YES;
				CLANG_WARN_BOOL_CONVERSION = YES;
				CLANG_WARN_COMMA = YES;
				CLANG_WARN_CONSTANT_CONVERSION = YES;
				CLANG_WARN_DEPRECATED_OBJC_IMPLEMENTATIONS = YES;
				CLANG_WARN_DIRECT_OBJC_ISA_USAGE = YES_ERROR;
				CLANG_WARN_DOCUMENTATION_COMMENTS = YES;
				CLANG_WARN_EMPTY_BODY = YES;
				CLANG_WARN_ENUM_CONVERSION = YES;
				CLANG_WARN_INFINITE_RECURSION = YES;
				CLANG_WARN_INT_CONVERSION = YES;
				CLANG_WARN_NON_LITERAL_NULL_CONVERSION = YES;
				CLANG_WARN_OBJC_IMPLICIT_RETAIN_SELF = YES;
				CLANG_WARN_OBJC_LITERAL_CONVERSION = YES;
				CLANG_WARN_OBJC_ROOT_CLASS = YES_ERROR;
				CLANG_WARN_RANGE_LOOP_ANALYSIS = YES;
				CLANG_WARN_STRICT_PROTOTYPES = YES;
				CLANG_WARN_SUSPICIOUS_MOVE = YES;
				CLANG_WARN_UNGUARDED_AVAILABILITY = YES_AGGRESSIVE;
				CLANG_WARN_UNREACHABLE_CODE = YES;
				CLANG_WARN__DUPLICATE_METHOD_MATCH = YES;
				CODE_SIGN_IDENTITY = "iPhone Developer";
				COPY_PHASE_STRIP = NO;
				DEBUG_INFORMATION_FORMAT = dwarf;
				ENABLE_STRICT_OBJC_MSGSEND = YES;
				ENABLE_TESTABILITY = YES;
				GCC_C_LANGUAGE_STANDARD = gnu11;
				GCC_DYNAMIC_NO_PIC = NO;
				GCC_NO_COMMON_BLOCKS = YES;
				GCC_OPTIMIZATION_LEVEL = 0;
				GCC_PREPROCESSOR_DEFINITIONS = (
					"DEBUG=1",
					"$(inherited)",
				);
				GCC_WARN_64_TO_32_BIT_CONVERSION = YES;
				GCC_WARN_ABOUT_RETURN_TYPE = YES_ERROR;
				GCC_WARN_UNDECLARED_SELECTOR = YES;
				GCC_WARN_UNINITIALIZED_AUTOS = YES_AGGRESSIVE;
				GCC_WARN_UNUSED_FUNCTION = YES;
				GCC_WARN_UNUSED_VARIABLE = YES;
				IPHONEOS_DEPLOYMENT_TARGET = 12.2;
				MTL_ENABLE_DEBUG_INFO = INCLUDE_SOURCE;
				MTL_FAST_MATH = YES;
				ONLY_ACTIVE_ARCH = YES;
				SDKROOT = iphoneos;
				SWIFT_ACTIVE_COMPILATION_CONDITIONS = DEBUG;
				SWIFT_OPTIMIZATION_LEVEL = "-Onone";
			};
			name = Debug;
		};
		2620FB10231110FC00913CEA /* Release */ = {
			isa = XCBuildConfiguration;
			buildSettings = {
				ALWAYS_SEARCH_USER_PATHS = NO;
				CLANG_ANALYZER_NONNULL = YES;
				CLANG_ANALYZER_NUMBER_OBJECT_CONVERSION = YES_AGGRESSIVE;
				CLANG_CXX_LANGUAGE_STANDARD = "gnu++14";
				CLANG_CXX_LIBRARY = "libc++";
				CLANG_ENABLE_MODULES = YES;
				CLANG_ENABLE_OBJC_ARC = YES;
				CLANG_ENABLE_OBJC_WEAK = YES;
				CLANG_WARN_BLOCK_CAPTURE_AUTORELEASING = YES;
				CLANG_WARN_BOOL_CONVERSION = YES;
				CLANG_WARN_COMMA = YES;
				CLANG_WARN_CONSTANT_CONVERSION = YES;
				CLANG_WARN_DEPRECATED_OBJC_IMPLEMENTATIONS = YES;
				CLANG_WARN_DIRECT_OBJC_ISA_USAGE = YES_ERROR;
				CLANG_WARN_DOCUMENTATION_COMMENTS = YES;
				CLANG_WARN_EMPTY_BODY = YES;
				CLANG_WARN_ENUM_CONVERSION = YES;
				CLANG_WARN_INFINITE_RECURSION = YES;
				CLANG_WARN_INT_CONVERSION = YES;
				CLANG_WARN_NON_LITERAL_NULL_CONVERSION = YES;
				CLANG_WARN_OBJC_IMPLICIT_RETAIN_SELF = YES;
				CLANG_WARN_OBJC_LITERAL_CONVERSION = YES;
				CLANG_WARN_OBJC_ROOT_CLASS = YES_ERROR;
				CLANG_WARN_RANGE_LOOP_ANALYSIS = YES;
				CLANG_WARN_STRICT_PROTOTYPES = YES;
				CLANG_WARN_SUSPICIOUS_MOVE = YES;
				CLANG_WARN_UNGUARDED_AVAILABILITY = YES_AGGRESSIVE;
				CLANG_WARN_UNREACHABLE_CODE = YES;
				CLANG_WARN__DUPLICATE_METHOD_MATCH = YES;
				CODE_SIGN_IDENTITY = "iPhone Developer";
				COPY_PHASE_STRIP = NO;
				DEBUG_INFORMATION_FORMAT = "dwarf-with-dsym";
				ENABLE_NS_ASSERTIONS = NO;
				ENABLE_STRICT_OBJC_MSGSEND = YES;
				GCC_C_LANGUAGE_STANDARD = gnu11;
				GCC_NO_COMMON_BLOCKS = YES;
				GCC_WARN_64_TO_32_BIT_CONVERSION = YES;
				GCC_WARN_ABOUT_RETURN_TYPE = YES_ERROR;
				GCC_WARN_UNDECLARED_SELECTOR = YES;
				GCC_WARN_UNINITIALIZED_AUTOS = YES_AGGRESSIVE;
				GCC_WARN_UNUSED_FUNCTION = YES;
				GCC_WARN_UNUSED_VARIABLE = YES;
				IPHONEOS_DEPLOYMENT_TARGET = 12.2;
				MTL_ENABLE_DEBUG_INFO = NO;
				MTL_FAST_MATH = YES;
				SDKROOT = iphoneos;
				SWIFT_COMPILATION_MODE = wholemodule;
				SWIFT_OPTIMIZATION_LEVEL = "-O";
				VALIDATE_PRODUCT = YES;
			};
			name = Release;
		};
		2620FB12231110FC00913CEA /* Debug */ = {
			isa = XCBuildConfiguration;
			buildSettings = {
				ASSETCATALOG_COMPILER_APPICON_NAME = AppIcon;
				CODE_SIGN_STYLE = Automatic;
				DEVELOPMENT_TEAM = SWR42K374S;
				INFOPLIST_FILE = Synup_Keshav/Info.plist;
				LD_RUNPATH_SEARCH_PATHS = (
					"$(inherited)",
					"@executable_path/Frameworks",
				);
				PRODUCT_BUNDLE_IDENTIFIER = "com.foundation.bva.Synup-Keshav";
				PRODUCT_NAME = "$(TARGET_NAME)";
				SWIFT_VERSION = 5.0;
				TARGETED_DEVICE_FAMILY = "1,2";
			};
			name = Debug;
		};
		2620FB13231110FC00913CEA /* Release */ = {
			isa = XCBuildConfiguration;
			buildSettings = {
				ASSETCATALOG_COMPILER_APPICON_NAME = AppIcon;
				CODE_SIGN_STYLE = Automatic;
				DEVELOPMENT_TEAM = SWR42K374S;
				INFOPLIST_FILE = Synup_Keshav/Info.plist;
				LD_RUNPATH_SEARCH_PATHS = (
					"$(inherited)",
					"@executable_path/Frameworks",
				);
				PRODUCT_BUNDLE_IDENTIFIER = "com.foundation.bva.Synup-Keshav";
				PRODUCT_NAME = "$(TARGET_NAME)";
				SWIFT_VERSION = 5.0;
				TARGETED_DEVICE_FAMILY = "1,2";
			};
			name = Release;
		};
		2620FB15231110FC00913CEA /* Debug */ = {
			isa = XCBuildConfiguration;
			buildSettings = {
				ALWAYS_EMBED_SWIFT_STANDARD_LIBRARIES = YES;
				BUNDLE_LOADER = "$(TEST_HOST)";
				CODE_SIGN_STYLE = Automatic;
				DEVELOPMENT_TEAM = SWR42K374S;
				INFOPLIST_FILE = Synup_KeshavTests/Info.plist;
				LD_RUNPATH_SEARCH_PATHS = (
					"$(inherited)",
					"@executable_path/Frameworks",
					"@loader_path/Frameworks",
				);
				PRODUCT_BUNDLE_IDENTIFIER = "com.foundation.bva.Synup-KeshavTests";
				PRODUCT_NAME = "$(TARGET_NAME)";
				SWIFT_VERSION = 5.0;
				TARGETED_DEVICE_FAMILY = "1,2";
				TEST_HOST = "$(BUILT_PRODUCTS_DIR)/Synup_Keshav.app/Synup_Keshav";
			};
			name = Debug;
		};
		2620FB16231110FC00913CEA /* Release */ = {
			isa = XCBuildConfiguration;
			buildSettings = {
				ALWAYS_EMBED_SWIFT_STANDARD_LIBRARIES = YES;
				BUNDLE_LOADER = "$(TEST_HOST)";
				CODE_SIGN_STYLE = Automatic;
				DEVELOPMENT_TEAM = SWR42K374S;
				INFOPLIST_FILE = Synup_KeshavTests/Info.plist;
				LD_RUNPATH_SEARCH_PATHS = (
					"$(inherited)",
					"@executable_path/Frameworks",
					"@loader_path/Frameworks",
				);
				PRODUCT_BUNDLE_IDENTIFIER = "com.foundation.bva.Synup-KeshavTests";
				PRODUCT_NAME = "$(TARGET_NAME)";
				SWIFT_VERSION = 5.0;
				TARGETED_DEVICE_FAMILY = "1,2";
				TEST_HOST = "$(BUILT_PRODUCTS_DIR)/Synup_Keshav.app/Synup_Keshav";
			};
			name = Release;
		};
/* End XCBuildConfiguration section */

/* Begin XCConfigurationList section */
		2620FAEF231110F900913CEA /* Build configuration list for PBXProject "Synup_Keshav" */ = {
			isa = XCConfigurationList;
			buildConfigurations = (
				2620FB0F231110FC00913CEA /* Debug */,
				2620FB10231110FC00913CEA /* Release */,
			);
			defaultConfigurationIsVisible = 0;
			defaultConfigurationName = Release;
		};
		2620FB11231110FC00913CEA /* Build configuration list for PBXNativeTarget "Synup_Keshav" */ = {
			isa = XCConfigurationList;
			buildConfigurations = (
				2620FB12231110FC00913CEA /* Debug */,
				2620FB13231110FC00913CEA /* Release */,
			);
			defaultConfigurationIsVisible = 0;
			defaultConfigurationName = Release;
		};
		2620FB14231110FC00913CEA /* Build configuration list for PBXNativeTarget "Synup_KeshavTests" */ = {
			isa = XCConfigurationList;
			buildConfigurations = (
				2620FB15231110FC00913CEA /* Debug */,
				2620FB16231110FC00913CEA /* Release */,
			);
			defaultConfigurationIsVisible = 0;
			defaultConfigurationName = Release;
		};
/* End XCConfigurationList section */
	};
	rootObject = 2620FAEC231110F900913CEA /* Project object */;
}
